
Microsoft Visual Studio Solution File, Format Version 12.00
# Visual Studio Version 16
VisualStudioVersion = 16.0.31729.503
MinimumVisualStudioVersion = 10.0.40219.1
Project("{FAE04EC0-301F-11D3-BF4B-00C04F79EFBC}") = "Quizz", "Quizz\Quizz.csproj", "{9967B728-E3ED-4469-9825-3736AA20FF91}"
EndProject
Global
	GlobalSection(SolutionConfigurationPlatforms) = preSolution
		Debug|Any CPU = Debug|Any CPU
		Release|Any CPU = Release|Any CPU
	EndGlobalSection
	GlobalSection(ProjectConfigurationPlatforms) = postSolution
		{9967B728-E3ED-4469-9825-3736AA20FF91}.Debug|Any CPU.ActiveCfg = Debug|Any CPU
		{9967B728-E3ED-4469-9825-3736AA20FF91}.Debug|Any CPU.Build.0 = Debug|Any CPU
		{9967B728-E3ED-4469-9825-3736AA20FF91}.Release|Any CPU.ActiveCfg = Release|Any CPU
		{9967B728-E3ED-4469-9825-3736AA20FF91}.Release|Any CPU.Build.0 = Release|Any CPU
	EndGlobalSection
	GlobalSection(SolutionProperties) = preSolution
		HideSolutionNode = FALSE
	EndGlobalSection
	GlobalSection(ExtensibilityGlobals) = postSolution
		SolutionGuid = {9D1B578B-E275-4831-BE14-FE0D186AA35F}
	EndGlobalSection
EndGlobal
